
Microsoft Visual Studio Solution File, Format Version 12.00
# Visual Studio 14
VisualStudioVersion = 14.0.25110.0
MinimumVisualStudioVersion = 10.0.40219.1
Project("{2150E333-8FDC-42A3-9474-1A3956D46DE8}") = "src", "src", "{7941E940-9BF5-4A20-9716-A17F17BD2A11}"
EndProject
Project("{2150E333-8FDC-42A3-9474-1A3956D46DE8}") = "Solution Items", "Solution Items", "{D1A3CCF1-7350-4F9E-A61F-B2C3DBBFE5CC}"
	ProjectSection(SolutionItems) = preProject
		global.json = global.json
	EndProjectSection
EndProject
Project("{8BB2217D-0F2D-49D1-97BC-3654ED321F3B}") = "ConsoleApp1", "src\ConsoleApp1\ConsoleApp1.xproj", "{B7653EA3-F4E8-4B53-911B-992352565BD8}"
EndProject
Global
	GlobalSection(SolutionConfigurationPlatforms) = preSolution
		Debug|Any CPU = Debug|Any CPU
		Release|Any CPU = Release|Any CPU
	EndGlobalSection
	GlobalSection(ProjectConfigurationPlatforms) = postSolution
		{B7653EA3-F4E8-4B53-911B-992352565BD8}.Debug|Any CPU.ActiveCfg = Debug|Any CPU
		{B7653EA3-F4E8-4B53-911B-992352565BD8}.Debug|Any CPU.Build.0 = Debug|Any CPU
		{B7653EA3-F4E8-4B53-911B-992352565BD8}.Release|Any CPU.ActiveCfg = Release|Any CPU
		{B7653EA3-F4E8-4B53-911B-992352565BD8}.Release|Any CPU.Build.0 = Release|Any CPU
	EndGlobalSection
	GlobalSection(SolutionProperties) = preSolution
		HideSolutionNode = FALSE
	EndGlobalSection
	GlobalSection(NestedProjects) = preSolution
		{B7653EA3-F4E8-4B53-911B-992352565BD8} = {7941E940-9BF5-4A20-9716-A17F17BD2A11}
	EndGlobalSection
EndGlobal
